
Microsoft Visual Studio Solution File, Format Version 12.00
Project("{FAE04EC0-301F-11D3-BF4B-00C04F79EFBC}") = "Logan.Chenavier.FeatureMatching", "Logan.Chenavier.FeatureMatching\Logan.Chenavier.FeatureMatching.csproj", "{233F8949-06DA-4674-9D2B-B08A68CD6423}"
EndProject
Project("{FAE04EC0-301F-11D3-BF4B-00C04F79EFBC}") = "Logan.Chenavier.FeatureMatching.Tests", "Logan.Chenavier.FeatureMatching.Tests\Logan.Chenavier.FeatureMatching.Tests.csproj", "{961A0918-4BBB-462F-B566-B0EC43EDF707}"
EndProject
Project("{FAE04EC0-301F-11D3-BF4B-00C04F79EFBC}") = "Logan.Chenavier.FeatureMatching.Console", "Logan.Chenavier.FeatureMatching.Console\Logan.Chenavier.FeatureMatching.Console.csproj", "{BB2FE3D8-094B-47A5-96BD-7A658873F43B}"
EndProject
Project("{FAE04EC0-301F-11D3-BF4B-00C04F79EFBC}") = "Logan.Chenavier.FeatureMatching.WebApi", "Logan.Chenavier.FeatureMatching.WebApi\Logan.Chenavier.FeatureMatching.WebApi.csproj", "{E6AAADE7-339D-4D7B-8D8D-36F52E266903}"
EndProject
Global
	GlobalSection(SolutionConfigurationPlatforms) = preSolution
		Debug|Any CPU = Debug|Any CPU
		Release|Any CPU = Release|Any CPU
	EndGlobalSection
	GlobalSection(ProjectConfigurationPlatforms) = postSolution
		{233F8949-06DA-4674-9D2B-B08A68CD6423}.Debug|Any CPU.ActiveCfg = Debug|Any CPU
		{233F8949-06DA-4674-9D2B-B08A68CD6423}.Debug|Any CPU.Build.0 = Debug|Any CPU
		{233F8949-06DA-4674-9D2B-B08A68CD6423}.Release|Any CPU.ActiveCfg = Release|Any CPU
		{233F8949-06DA-4674-9D2B-B08A68CD6423}.Release|Any CPU.Build.0 = Release|Any CPU
		{961A0918-4BBB-462F-B566-B0EC43EDF707}.Debug|Any CPU.ActiveCfg = Debug|Any CPU
		{961A0918-4BBB-462F-B566-B0EC43EDF707}.Debug|Any CPU.Build.0 = Debug|Any CPU
		{961A0918-4BBB-462F-B566-B0EC43EDF707}.Release|Any CPU.ActiveCfg = Release|Any CPU
		{961A0918-4BBB-462F-B566-B0EC43EDF707}.Release|Any CPU.Build.0 = Release|Any CPU
		{BB2FE3D8-094B-47A5-96BD-7A658873F43B}.Debug|Any CPU.ActiveCfg = Debug|Any CPU
		{BB2FE3D8-094B-47A5-96BD-7A658873F43B}.Debug|Any CPU.Build.0 = Debug|Any CPU
		{BB2FE3D8-094B-47A5-96BD-7A658873F43B}.Release|Any CPU.ActiveCfg = Release|Any CPU
		{BB2FE3D8-094B-47A5-96BD-7A658873F43B}.Release|Any CPU.Build.0 = Release|Any CPU
		{E6AAADE7-339D-4D7B-8D8D-36F52E266903}.Debug|Any CPU.ActiveCfg = Debug|Any CPU
		{E6AAADE7-339D-4D7B-8D8D-36F52E266903}.Debug|Any CPU.Build.0 = Debug|Any CPU
		{E6AAADE7-339D-4D7B-8D8D-36F52E266903}.Release|Any CPU.ActiveCfg = Release|Any CPU
		{E6AAADE7-339D-4D7B-8D8D-36F52E266903}.Release|Any CPU.Build.0 = Release|Any CPU
	EndGlobalSection
EndGlobal
